Microsoft Visual Studio Solution File, Format Version 12.00
# Visual Studio Version 17
VisualStudioVersion = 17.5.2.0
MinimumVisualStudioVersion = 10.0.40219.1
Project("{FAE04EC0-301F-11D3-BF4B-00C04F79EFBC}") = "networkProject", "networkProject.csproj", "{185CB6DD-ECA9-61E7-9F6F-A92A06F342FA}"
EndProject
Global
	GlobalSection(SolutionConfigurationPlatforms) = preSolution
		Debug|Any CPU = Debug|Any CPU
		Release|Any CPU = Release|Any CPU
	EndGlobalSection
	GlobalSection(ProjectConfigurationPlatforms) = postSolution
		{185CB6DD-ECA9-61E7-9F6F-A92A06F342FA}.Debug|Any CPU.ActiveCfg = Debug|Any CPU
		{185CB6DD-ECA9-61E7-9F6F-A92A06F342FA}.Debug|Any CPU.Build.0 = Debug|Any CPU
		{185CB6DD-ECA9-61E7-9F6F-A92A06F342FA}.Release|Any CPU.ActiveCfg = Release|Any CPU
		{185CB6DD-ECA9-61E7-9F6F-A92A06F342FA}.Release|Any CPU.Build.0 = Release|Any CPU
	EndGlobalSection
	GlobalSection(SolutionProperties) = preSolution
		HideSolutionNode = FALSE
	EndGlobalSection
	GlobalSection(ExtensibilityGlobals) = postSolution
		SolutionGuid = {B9514547-6823-48E0-B71D-FB8E09C28F0D}
	EndGlobalSection
EndGlobal
